{
  "originHash" : "ce527c4e0b588080795cd2b77c7f9d270c529c7302765a7e748d7c602817e691",
  "pins" : [
    {
      "identity" : "swift-docc-plugin",
      "kind" : "remoteSourceControl",
      "location" : "https://github.com/swiftlang/swift-docc-plugin",
      "state" : {
        "branch" : "main",
        "revision" : "8357c7750dbed168f245f46def146b454d371b1a"
      }
    },
    {
      "identity" : "swift-docc-symbolkit",
      "kind" : "remoteSourceControl",
      "location" : "https://github.com/swiftlang/swift-docc-symbolkit",
      "state" : {
        "revision" : "b45d1f2ed151d057b54504d653e0da5552844e34",
        "version" : "1.0.0"
      }
    },
    {
      "identity" : "thrappture",
      "kind" : "remoteSourceControl",
      "location" : "https://github.com/Catterwaul/Thrappture",
      "state" : {
        "branch" : "main",
        "revision" : "15fbb37bc5c197bd0e97c814becbe677bd9f6561"
      }
    }
  ],
  "version" : 3
}
